{
  "name": "unity-bridge-smoke",
  "lockfileVersion": 3,
  "requires": true,
  "packages": {
    "": {
      "devDependencies": {
        "uloop-cli": "^2.2.0"
      }
    },
    "node_modules/commander": {
      "version": "15.0.0",
      "resolved": "https://registry.npmjs.org/commander/-/commander-15.0.0.tgz",
      "integrity": "sha512-z67u4ZhzCL/Tydu1lJARtEZYWbWaN7oYLHbsuzocr6y4N6WZAagG3RQ4FW61V1/0+jImpj293XfrcYnd1qxtPg==",
      "dev": true,
      "license": "MIT",
      "engines": {
        "node": ">=22.12.0"
      }
    },
    "node_modules/launch-unity": {
      "version": "0.17.1",
      "resolved": "https://registry.npmjs.org/launch-unity/-/launch-unity-0.17.1.tgz",
      "integrity": "sha512-Cfb2jgdkz/4K7AN/J9fYyzdVTKDavXzTRTNUEjSAriKyqsLyNkz0g/6SA475jIjjGyaZj50m/CFcU+ZK5rgmlg==",
      "dev": true,
      "license": "MIT",
      "bin": {
        "launch-unity": "dist/launch.js"
      },
      "engines": {
        "node": ">=18"
      }
    },
    "node_modules/semver": {
      "version": "7.8.5",
      "resolved": "https://registry.npmjs.org/semver/-/semver-7.8.5.tgz",
      "integrity": "sha512-Y7/KDsb8LjooZpwaqGyulO6DQlksgCncchHGk+sZIY4SBvUocMBEFH5Ur1fI4dV+Jvl0w6cjvucaIi40puRioA==",
      "dev": true,
      "license": "ISC",
      "bin": {
        "semver": "bin/semver.js"
      },
      "engines": {
        "node": ">=10"
      }
    },
    "node_modules/uloop-cli": {
      "version": "2.2.0",
      "resolved": "https://registry.npmjs.org/uloop-cli/-/uloop-cli-2.2.0.tgz",
      "integrity": "sha512-EXtBDStHXOJl3fUJE8QDBNs+lJClaAsHC6TagmMEBybG4E+5oKalOw0nlsFKB1whsCbf8p9as70mXumzyiAo+Q==",
      "dev": true,
      "license": "MIT",
      "dependencies": {
        "commander": "15.0.0",
        "launch-unity": "^0.17.1",
        "semver": "7.8.5"
      },
      "bin": {
        "uloop": "dist/cli.bundle.cjs"
      },
      "engines": {
        "node": ">=22.0.0"
      }
    }
  }
}
